
Microsoft Visual Studio Solution File, Format Version 12.00
# Visual Studio Version 16
VisualStudioVersion = 16.0.30804.86
MinimumVisualStudioVersion = 10.0.40219.1
Project("{FAE04EC0-301F-11D3-BF4B-00C04F79EFBC}") = "ConsoleAppPDF", "ConsoleAppPDF.csproj", "{07C01712-1EF6-4957-AAB3-9F83974EB8CC}"
EndProject
Global
	GlobalSection(SolutionConfigurationPlatforms) = preSolution
		Debug|Any CPU = Debug|Any CPU
		Release|Any CPU = Release|Any CPU
	EndGlobalSection
	GlobalSection(ProjectConfigurationPlatforms) = postSolution
		{07C01712-1EF6-4957-AAB3-9F83974EB8CC}.Debug|Any CPU.ActiveCfg = Debug|Any CPU
		{07C01712-1EF6-4957-AAB3-9F83974EB8CC}.Debug|Any CPU.Build.0 = Debug|Any CPU
		{07C01712-1EF6-4957-AAB3-9F83974EB8CC}.Release|Any CPU.ActiveCfg = Release|Any CPU
		{07C01712-1EF6-4957-AAB3-9F83974EB8CC}.Release|Any CPU.Build.0 = Release|Any CPU
	EndGlobalSection
	GlobalSection(SolutionProperties) = preSolution
		HideSolutionNode = FALSE
	EndGlobalSection
	GlobalSection(ExtensibilityGlobals) = postSolution
		SolutionGuid = {0CFACF4D-28B3-46BB-867E-C1AF01FB0197}
	EndGlobalSection
EndGlobal
